// !$*UTF8*$!
{
	archiveVersion = 1;
	classes = {
	};
	objectVersion = 50;
	objects = {

/* Begin PBXBuildFile section */
		7EF44A1220C9685D00166562 /* AppDelegate.swift in Sources */ = {isa = PBXBuildFile; fileRef = 7EF44A1120C9685D00166562 /* AppDelegate.swift */; };
		7EF44A1420C9685D00166562 /* ViewController.swift in Sources */ = {isa = PBXBuildFile; fileRef = 7EF44A1320C9685D00166562 /* ViewController.swift */; };
		7EF44A1720C9685D00166562 /* Main.storyboard in Resources */ = {isa = PBXBuildFile; fileRef = 7EF44A1520C9685D00166562 /* Main.storyboard */; };
		7EF44A1A20C9685D00166562 /* ios_native_application_xcode10.xcdatamodeld in Sources */ = {isa = PBXBuildFile; fileRef = 7EF44A1820C9685D00166562 /* ios_native_application_xcode10.xcdatamodeld */; };
		7EF44A1C20C9685F00166562 /* Assets.xcassets in Resources */ = {isa = PBXBuildFile; fileRef = 7EF44A1B20C9685F00166562 /* Assets.xcassets */; };
		7EF44A1F20C9685F00166562 /* LaunchScreen.storyboard in Resources */ = {isa = PBXBuildFile; fileRef = 7EF44A1D20C9685F00166562 /* LaunchScreen.storyboard */; };
		7EF44A2A20C9685F00166562 /* ios_native_application_xcode10Tests.swift in Sources */ = {isa = PBXBuildFile; fileRef = 7EF44A2920C9685F00166562 /* ios_native_application_xcode10Tests.swift */; };
		7EF44A3520C9685F00166562 /* ios_native_application_xcode10UITests.swift in Sources */ = {isa = PBXBuildFile; fileRef = 7EF44A3420C9685F00166562 /* ios_native_application_xcode10UITests.swift */; };
/* End PBXBuildFile section */

/* Begin PBXContainerItemProxy section */
		7EF44A2620C9685F00166562 /* PBXContainerItemProxy */ = {
			isa = PBXContainerItemProxy;
			containerPortal = 7EF44A0620C9685D00166562 /* Project object */;
			proxyType = 1;
			remoteGlobalIDString = 7EF44A0D20C9685D00166562;
			remoteInfo = "ios-native-application-xcode10";
		};
		7EF44A3120C9685F00166562 /* PBXContainerItemProxy */ = {
			isa = PBXContainerItemProxy;
			containerPortal = 7EF44A0620C9685D00166562 /* Project object */;
			proxyType = 1;
			remoteGlobalIDString = 7EF44A0D20C9685D00166562;
			remoteInfo = "ios-native-application-xcode10";
		};
/* End PBXContainerItemProxy section */

/* Begin PBXFileReference section */
		7EF44A0E20C9685D00166562 /* ios-native-application-xcode10.app */ = {isa = PBXFileReference; explicitFileType = wrapper.application; includeInIndex = 0; path = "ios-native-application-xcode10.app"; sourceTree = BUILT_PRODUCTS_DIR; };
		7EF44A1120C9685D00166562 /* AppDelegate.swift */ = {isa = PBXFileReference; lastKnownFileType = sourcecode.swift; path = AppDelegate.swift; sourceTree = "<group>"; };
		7EF44A1320C9685D00166562 /* ViewController.swift */ = {isa = PBXFileReference; lastKnownFileType = sourcecode.swift; path = ViewController.swift; sourceTree = "<group>"; };
		7EF44A1620C9685D00166562 /* Base */ = {isa = PBXFileReference; lastKnownFileType = file.storyboard; name = Base; path = Base.lproj/Main.storyboard; sourceTree = "<group>"; };
		7EF44A1920C9685D00166562 /* ios_native_application_xcode10.xcdatamodel */ = {isa = PBXFileReference; lastKnownFileType = wrapper.xcdatamodel; path = ios_native_application_xcode10.xcdatamodel; sourceTree = "<group>"; };
		7EF44A1B20C9685F00166562 /* Assets.xcassets */ = {isa = PBXFileReference; lastKnownFileType = folder.assetcatalog; path = Assets.xcassets; sourceTree = "<group>"; };
		7EF44A1E20C9685F00166562 /* Base */ = {isa = PBXFileReference; lastKnownFileType = file.storyboard; name = Base; path = Base.lproj/LaunchScreen.storyboard; sourceTree = "<group>"; };
		7EF44A2020C9685F00166562 /* Info.plist */ = {isa = PBXFileReference; lastKnownFileType = text.plist.xml; path = Info.plist; sourceTree = "<group>"; };
		7EF44A2520C9685F00166562 /* ios-native-application-xcode10Tests.xctest */ = {isa = PBXFileReference; explicitFileType = wrapper.cfbundle; includeInIndex = 0; path = "ios-native-application-xcode10Tests.xctest"; sourceTree = BUILT_PRODUCTS_DIR; };
		7EF44A2920C9685F00166562 /* ios_native_application_xcode10Tests.swift */ = {isa = PBXFileReference; lastKnownFileType = sourcecode.swift; path = ios_native_application_xcode10Tests.swift; sourceTree = "<group>"; };
		7EF44A2B20C9685F00166562 /* Info.plist */ = {isa = PBXFileReference; lastKnownFileType = text.plist.xml; path = Info.plist; sourceTree = "<group>"; };
		7EF44A3020C9685F00166562 /* ios-native-application-xcode10UITests.xctest */ = {isa = PBXFileReference; explicitFileType = wrapper.cfbundle; includeInIndex = 0; path = "ios-native-application-xcode10UITests.xctest"; sourceTree = BUILT_PRODUCTS_DIR; };
		7EF44A3420C9685F00166562 /* ios_native_application_xcode10UITests.swift */ = {isa = PBXFileReference; lastKnownFileType = sourcecode.swift; path = ios_native_application_xcode10UITests.swift; sourceTree = "<group>"; };
		7EF44A3620C9685F00166562 /* Info.plist */ = {isa = PBXFileReference; lastKnownFileType = text.plist.xml; path = Info.plist; sourceTree = "<group>"; };
/* End PBXFileReference section */

/* Begin PBXFrameworksBuildPhase section */
		7EF44A0B20C9685D00166562 /* Frameworks */ = {
			isa = PBXFrameworksBuildPhase;
			buildActionMask = 2147483647;
			files = (
			);
			runOnlyForDeploymentPostprocessing = 0;
		};
		7EF44A2220C9685F00166562 /* Frameworks */ = {
			isa = PBXFrameworksBuildPhase;
			buildActionMask = 2147483647;
			files = (
			);
			runOnlyForDeploymentPostprocessing = 0;
		};
		7EF44A2D20C9685F00166562 /* Frameworks */ = {
			isa = PBXFrameworksBuildPhase;
			buildActionMask = 2147483647;
			files = (
			);
			runOnlyForDeploymentPostprocessing = 0;
		};
/* End PBXFrameworksBuildPhase section */

/* Begin PBXGroup section */
		7EF44A0520C9685D00166562 = {
			isa = PBXGroup;
			children = (
				7EF44A1020C9685D00166562 /* ios-native-application-xcode10 */,
				7EF44A2820C9685F00166562 /* ios-native-application-xcode10Tests */,
				7EF44A3320C9685F00166562 /* ios-native-application-xcode10UITests */,
				7EF44A0F20C9685D00166562 /* Products */,
			);
			sourceTree = "<group>";
		};
		7EF44A0F20C9685D00166562 /* Products */ = {
			isa = PBXGroup;
			children = (
				7EF44A0E20C9685D00166562 /* ios-native-application-xcode10.app */,
				7EF44A2520C9685F00166562 /* ios-native-application-xcode10Tests.xctest */,
				7EF44A3020C9685F00166562 /* ios-native-application-xcode10UITests.xctest */,
			);
			name = Products;
			sourceTree = "<group>";
		};
		7EF44A1020C9685D00166562 /* ios-native-application-xcode10 */ = {
			isa = PBXGroup;
			children = (
				7EF44A1120C9685D00166562 /* AppDelegate.swift */,
				7EF44A1320C9685D00166562 /* ViewController.swift */,
				7EF44A1520C9685D00166562 /* Main.storyboard */,
				7EF44A1B20C9685F00166562 /* Assets.xcassets */,
				7EF44A1D20C9685F00166562 /* LaunchScreen.storyboard */,
				7EF44A2020C9685F00166562 /* Info.plist */,
				7EF44A1820C9685D00166562 /* ios_native_application_xcode10.xcdatamodeld */,
			);
			path = "ios-native-application-xcode10";
			sourceTree = "<group>";
		};
		7EF44A2820C9685F00166562 /* ios-native-application-xcode10Tests */ = {
			isa = PBXGroup;
			children = (
				7EF44A2920C9685F00166562 /* ios_native_application_xcode10Tests.swift */,
				7EF44A2B20C9685F00166562 /* Info.plist */,
			);
			path = "ios-native-application-xcode10Tests";
			sourceTree = "<group>";
		};
		7EF44A3320C9685F00166562 /* ios-native-application-xcode10UITests */ = {
			isa = PBXGroup;
			children = (
				7EF44A3420C9685F00166562 /* ios_native_application_xcode10UITests.swift */,
				7EF44A3620C9685F00166562 /* Info.plist */,
			);
			path = "ios-native-application-xcode10UITests";
			sourceTree = "<group>";
		};
/* End PBXGroup section */

/* Begin PBXNativeTarget section */
		7EF44A0D20C9685D00166562 /* ios-native-application-xcode10 */ = {
			isa = PBXNativeTarget;
			buildConfigurationList = 7EF44A3920C9685F00166562 /* Build configuration list for PBXNativeTarget "ios-native-application-xcode10" */;
			buildPhases = (
				7EF44A0A20C9685D00166562 /* Sources */,
				7EF44A0B20C9685D00166562 /* Frameworks */,
				7EF44A0C20C9685D00166562 /* Resources */,
			);
			buildRules = (
			);
			dependencies = (
			);
			name = "ios-native-application-xcode10";
			productName = "ios-native-application-xcode10";
			productReference = 7EF44A0E20C9685D00166562 /* ios-native-application-xcode10.app */;
			productType = "com.apple.product-type.application";
		};
		7EF44A2420C9685F00166562 /* ios-native-application-xcode10Tests */ = {
			isa = PBXNativeTarget;
			buildConfigurationList = 7EF44A3C20C9685F00166562 /* Build configuration list for PBXNativeTarget "ios-native-application-xcode10Tests" */;
			buildPhases = (
				7EF44A2120C9685F00166562 /* Sources */,
				7EF44A2220C9685F00166562 /* Frameworks */,
				7EF44A2320C9685F00166562 /* Resources */,
			);
			buildRules = (
			);
			dependencies = (
				7EF44A2720C9685F00166562 /* PBXTargetDependency */,
			);
			name = "ios-native-application-xcode10Tests";
			productName = "ios-native-application-xcode10Tests";
			productReference = 7EF44A2520C9685F00166562 /* ios-native-application-xcode10Tests.xctest */;
			productType = "com.apple.product-type.bundle.unit-test";
		};
		7EF44A2F20C9685F00166562 /* ios-native-application-xcode10UITests */ = {
			isa = PBXNativeTarget;
			buildConfigurationList = 7EF44A3F20C9685F00166562 /* Build configuration list for PBXNativeTarget "ios-native-application-xcode10UITests" */;
			buildPhases = (
				7EF44A2C20C9685F00166562 /* Sources */,
				7EF44A2D20C9685F00166562 /* Frameworks */,
				7EF44A2E20C9685F00166562 /* Resources */,
			);
			buildRules = (
			);
			dependencies = (
				7EF44A3220C9685F00166562 /* PBXTargetDependency */,
			);
			name = "ios-native-application-xcode10UITests";
			productName = "ios-native-application-xcode10UITests";
			productReference = 7EF44A3020C9685F00166562 /* ios-native-application-xcode10UITests.xctest */;
			productType = "com.apple.product-type.bundle.ui-testing";
		};
/* End PBXNativeTarget section */

/* Begin PBXProject section */
		7EF44A0620C9685D00166562 /* Project object */ = {
			isa = PBXProject;
			attributes = {
				LastSwiftUpdateCheck = 1000;
				LastUpgradeCheck = 1000;
				ORGANIZATIONNAME = "App Center";
				TargetAttributes = {
					7EF44A0D20C9685D00166562 = {
						CreatedOnToolsVersion = 10.0;
					};
					7EF44A2420C9685F00166562 = {
						CreatedOnToolsVersion = 10.0;
						TestTargetID = 7EF44A0D20C9685D00166562;
					};
					7EF44A2F20C9685F00166562 = {
						CreatedOnToolsVersion = 10.0;
						TestTargetID = 7EF44A0D20C9685D00166562;
					};
				};
			};
			buildConfigurationList = 7EF44A0920C9685D00166562 /* Build configuration list for PBXProject "ios-native-application-xcode10" */;
			compatibilityVersion = "Xcode 9.3";
			developmentRegion = en;
			hasScannedForEncodings = 0;
			knownRegions = (
				en,
				Base,
			);
			mainGroup = 7EF44A0520C9685D00166562;
			productRefGroup = 7EF44A0F20C9685D00166562 /* Products */;
			projectDirPath = "";
			projectRoot = "";
			targets = (
				7EF44A0D20C9685D00166562 /* ios-native-application-xcode10 */,
				7EF44A2420C9685F00166562 /* ios-native-application-xcode10Tests */,
				7EF44A2F20C9685F00166562 /* ios-native-application-xcode10UITests */,
			);
		};
/* End PBXProject section */

/* Begin PBXResourcesBuildPhase section */
		7EF44A0C20C9685D00166562 /* Resources */ = {
			isa = PBXResourcesBuildPhase;
			buildActionMask = 2147483647;
			files = (
				7EF44A1F20C9685F00166562 /* LaunchScreen.storyboard in Resources */,
				7EF44A1C20C9685F00166562 /* Assets.xcassets in Resources */,
				7EF44A1720C9685D00166562 /* Main.storyboard in Resources */,
			);
			runOnlyForDeploymentPostprocessing = 0;
		};
		7EF44A2320C9685F00166562 /* Resources */ = {
			isa = PBXResourcesBuildPhase;
			buildActionMask = 2147483647;
			files = (
			);
			runOnlyForDeploymentPostprocessing = 0;
		};
		7EF44A2E20C9685F00166562 /* Resources */ = {
			isa = PBXResourcesBuildPhase;
			buildActionMask = 2147483647;
			files = (
			);
			runOnlyForDeploymentPostprocessing = 0;
		};
/* End PBXResourcesBuildPhase section */

/* Begin PBXSourcesBuildPhase section */
		7EF44A0A20C9685D00166562 /* Sources */ = {
			isa = PBXSourcesBuildPhase;
			buildActionMask = 2147483647;
			files = (
				7EF44A1420C9685D00166562 /* ViewController.swift in Sources */,
				7EF44A1A20C9685D00166562 /* ios_native_application_xcode10.xcdatamodeld in Sources */,
				7EF44A1220C9685D00166562 /* AppDelegate.swift in Sources */,
			);
			runOnlyForDeploymentPostprocessing = 0;
		};
		7EF44A2120C9685F00166562 /* Sources */ = {
			isa = PBXSourcesBuildPhase;
			buildActionMask = 2147483647;
			files = (
				7EF44A2A20C9685F00166562 /* ios_native_application_xcode10Tests.swift in Sources */,
			);
			runOnlyForDeploymentPostprocessing = 0;
		};
		7EF44A2C20C9685F00166562 /* Sources */ = {
			isa = PBXSourcesBuildPhase;
			buildActionMask = 2147483647;
			files = (
				7EF44A3520C9685F00166562 /* ios_native_application_xcode10UITests.swift in Sources */,
			);
			runOnlyForDeploymentPostprocessing = 0;
		};
/* End PBXSourcesBuildPhase section */

/* Begin PBXTargetDependency section */
		7EF44A2720C9685F00166562 /* PBXTargetDependency */ = {
			isa = PBXTargetDependency;
			target = 7EF44A0D20C9685D00166562 /* ios-native-application-xcode10 */;
			targetProxy = 7EF44A2620C9685F00166562 /* PBXContainerItemProxy */;
		};
		7EF44A3220C9685F00166562 /* PBXTargetDependency */ = {
			isa = PBXTargetDependency;
			target = 7EF44A0D20C9685D00166562 /* ios-native-application-xcode10 */;
			targetProxy = 7EF44A3120C9685F00166562 /* PBXContainerItemProxy */;
		};
/* End PBXTargetDependency section */

/* Begin PBXVariantGroup section */
		7EF44A1520C9685D00166562 /* Main.storyboard */ = {
			isa = PBXVariantGroup;
			children = (
				7EF44A1620C9685D00166562 /* Base */,
			);
			name = Main.storyboard;
			sourceTree = "<group>";
		};
		7EF44A1D20C9685F00166562 /* LaunchScreen.storyboard */ = {
			isa = PBXVariantGroup;
			children = (
				7EF44A1E20C9685F00166562 /* Base */,
			);
			name = LaunchScreen.storyboard;
			sourceTree = "<group>";
		};
/* End PBXVariantGroup section */

/* Begin XCBuildConfiguration section */
		7EF44A3720C9685F00166562 /* Debug */ = {
			isa = XCBuildConfiguration;
			buildSettings = {
				ALWAYS_SEARCH_USER_PATHS = NO;
				CLANG_ANALYZER_NONNULL = YES;
				CLANG_ANALYZER_NUMBER_OBJECT_CONVERSION = YES_AGGRESSIVE;
				CLANG_CXX_LANGUAGE_STANDARD = "gnu++14";
				CLANG_CXX_LIBRARY = "libc++";
				CLANG_ENABLE_MODULES = YES;
				CLANG_ENABLE_OBJC_ARC = YES;
				CLANG_ENABLE_OBJC_WEAK = YES;
				CLANG_WARN_BLOCK_CAPTURE_AUTORELEASING = YES;
				CLANG_WARN_BOOL_CONVERSION = YES;
				CLANG_WARN_COMMA = YES;
				CLANG_WARN_CONSTANT_CONVERSION = YES;
				CLANG_WARN_DEPRECATED_OBJC_IMPLEMENTATIONS = YES;
				CLANG_WARN_DIRECT_OBJC_ISA_USAGE = YES_ERROR;
				CLANG_WARN_DOCUMENTATION_COMMENTS = YES;
				CLANG_WARN_EMPTY_BODY = YES;
				CLANG_WARN_ENUM_CONVERSION = YES;
				CLANG_WARN_INFINITE_RECURSION = YES;
				CLANG_WARN_INT_CONVERSION = YES;
				CLANG_WARN_NON_LITERAL_NULL_CONVERSION = YES;
				CLANG_WARN_OBJC_IMPLICIT_RETAIN_SELF = YES;
				CLANG_WARN_OBJC_LITERAL_CONVERSION = YES;
				CLANG_WARN_OBJC_ROOT_CLASS = YES_ERROR;
				CLANG_WARN_RANGE_LOOP_ANALYSIS = YES;
				CLANG_WARN_STRICT_PROTOTYPES = YES;
				CLANG_WARN_SUSPICIOUS_MOVE = YES;
				CLANG_WARN_UNGUARDED_AVAILABILITY = YES_AGGRESSIVE;
				CLANG_WARN_UNREACHABLE_CODE = YES;
				CLANG_WARN__DUPLICATE_METHOD_MATCH = YES;
				CODE_SIGN_IDENTITY = "iPhone Developer";
				COPY_PHASE_STRIP = NO;
				DEBUG_INFORMATION_FORMAT = dwarf;
				ENABLE_STRICT_OBJC_MSGSEND = YES;
				ENABLE_TESTABILITY = YES;
				GCC_C_LANGUAGE_STANDARD = gnu11;
				GCC_DYNAMIC_NO_PIC = NO;
				GCC_NO_COMMON_BLOCKS = YES;
				GCC_OPTIMIZATION_LEVEL = 0;
				GCC_PREPROCESSOR_DEFINITIONS = (
					"DEBUG=1",
					"$(inherited)",
				);
				GCC_WARN_64_TO_32_BIT_CONVERSION = YES;
				GCC_WARN_ABOUT_RETURN_TYPE = YES_ERROR;
				GCC_WARN_UNDECLARED_SELECTOR = YES;
				GCC_WARN_UNINITIALIZED_AUTOS = YES_AGGRESSIVE;
				GCC_WARN_UNUSED_FUNCTION = YES;
				GCC_WARN_UNUSED_VARIABLE = YES;
				IPHONEOS_DEPLOYMENT_TARGET = 12.0;
				MTL_ENABLE_DEBUG_INFO = INCLUDE_SOURCE;
				ONLY_ACTIVE_ARCH = YES;
				SDKROOT = iphoneos;
				SWIFT_ACTIVE_COMPILATION_CONDITIONS = DEBUG;
				SWIFT_OPTIMIZATION_LEVEL = "-Onone";
			};
			name = Debug;
		};
		7EF44A3820C9685F00166562 /* Release */ = {
			isa = XCBuildConfiguration;
			buildSettings = {
				ALWAYS_SEARCH_USER_PATHS = NO;
				CLANG_ANALYZER_NONNULL = YES;
				CLANG_ANALYZER_NUMBER_OBJECT_CONVERSION = YES_AGGRESSIVE;
				CLANG_CXX_LANGUAGE_STANDARD = "gnu++14";
				CLANG_CXX_LIBRARY = "libc++";
				CLANG_ENABLE_MODULES = YES;
				CLANG_ENABLE_OBJC_ARC = YES;
				CLANG_ENABLE_OBJC_WEAK = YES;
				CLANG_WARN_BLOCK_CAPTURE_AUTORELEASING = YES;
				CLANG_WARN_BOOL_CONVERSION = YES;
				CLANG_WARN_COMMA = YES;
				CLANG_WARN_CONSTANT_CONVERSION = YES;
				CLANG_WARN_DEPRECATED_OBJC_IMPLEMENTATIONS = YES;
				CLANG_WARN_DIRECT_OBJC_ISA_USAGE = YES_ERROR;
				CLANG_WARN_DOCUMENTATION_COMMENTS = YES;
				CLANG_WARN_EMPTY_BODY = YES;
				CLANG_WARN_ENUM_CONVERSION = YES;
				CLANG_WARN_INFINITE_RECURSION = YES;
				CLANG_WARN_INT_CONVERSION = YES;
				CLANG_WARN_NON_LITERAL_NULL_CONVERSION = YES;
				CLANG_WARN_OBJC_IMPLICIT_RETAIN_SELF = YES;
				CLANG_WARN_OBJC_LITERAL_CONVERSION = YES;
				CLANG_WARN_OBJC_ROOT_CLASS = YES_ERROR;
				CLANG_WARN_RANGE_LOOP_ANALYSIS = YES;
				CLANG_WARN_STRICT_PROTOTYPES = YES;
				CLANG_WARN_SUSPICIOUS_MOVE = YES;
				CLANG_WARN_UNGUARDED_AVAILABILITY = YES_AGGRESSIVE;
				CLANG_WARN_UNREACHABLE_CODE = YES;
				CLANG_WARN__DUPLICATE_METHOD_MATCH = YES;
				CODE_SIGN_IDENTITY = "iPhone Developer";
				COPY_PHASE_STRIP = NO;
				DEBUG_INFORMATION_FORMAT = "dwarf-with-dsym";
				ENABLE_NS_ASSERTIONS = NO;
				ENABLE_STRICT_OBJC_MSGSEND = YES;
				GCC_C_LANGUAGE_STANDARD = gnu11;
				GCC_NO_COMMON_BLOCKS = YES;
				GCC_WARN_64_TO_32_BIT_CONVERSION = YES;
				GCC_WARN_ABOUT_RETURN_TYPE = YES_ERROR;
				GCC_WARN_UNDECLARED_SELECTOR = YES;
				GCC_WARN_UNINITIALIZED_AUTOS = YES_AGGRESSIVE;
				GCC_WARN_UNUSED_FUNCTION = YES;
				GCC_WARN_UNUSED_VARIABLE = YES;
				IPHONEOS_DEPLOYMENT_TARGET = 12.0;
				MTL_ENABLE_DEBUG_INFO = NO;
				SDKROOT = iphoneos;
				SWIFT_COMPILATION_MODE = wholemodule;
				SWIFT_OPTIMIZATION_LEVEL = "-O";
				VALIDATE_PRODUCT = YES;
			};
			name = Release;
		};
		7EF44A3A20C9685F00166562 /* Debug */ = {
			isa = XCBuildConfiguration;
			buildSettings = {
				ASSETCATALOG_COMPILER_APPICON_NAME = AppIcon;
				CODE_SIGN_STYLE = Manual;
				DEVELOPMENT_TEAM = "";
				INFOPLIST_FILE = "ios-native-application-xcode10/Info.plist";
				LD_RUNPATH_SEARCH_PATHS = (
					"$(inherited)",
					"@executable_path/Frameworks",
				);
				PRODUCT_BUNDLE_IDENTIFIER = "com.microsoft.CleanReactNative-df";
				PRODUCT_NAME = "$(TARGET_NAME)";
				PROVISIONING_PROFILE_SPECIFIER = "";
				SWIFT_VERSION = 4.2;
				TARGETED_DEVICE_FAMILY = "1,2";
			};
			name = Debug;
		};
		7EF44A3B20C9685F00166562 /* Release */ = {
			isa = XCBuildConfiguration;
			buildSettings = {
				ASSETCATALOG_COMPILER_APPICON_NAME = AppIcon;
				CODE_SIGN_STYLE = Manual;
				DEVELOPMENT_TEAM = "";
				INFOPLIST_FILE = "ios-native-application-xcode10/Info.plist";
				LD_RUNPATH_SEARCH_PATHS = (
					"$(inherited)",
					"@executable_path/Frameworks",
				);
				PRODUCT_BUNDLE_IDENTIFIER = "com.microsoft.CleanReactNative-df";
				PRODUCT_NAME = "$(TARGET_NAME)";
				PROVISIONING_PROFILE_SPECIFIER = "";
				SWIFT_VERSION = 4.2;
				TARGETED_DEVICE_FAMILY = "1,2";
			};
			name = Release;
		};
		7EF44A3D20C9685F00166562 /* Debug */ = {
			isa = XCBuildConfiguration;
			buildSettings = {
				ALWAYS_EMBED_SWIFT_STANDARD_LIBRARIES = YES;
				BUNDLE_LOADER = "$(TEST_HOST)";
				CODE_SIGN_STYLE = Automatic;
				INFOPLIST_FILE = "ios-native-application-xcode10Tests/Info.plist";
				LD_RUNPATH_SEARCH_PATHS = (
					"$(inherited)",
					"@executable_path/Frameworks",
					"@loader_path/Frameworks",
				);
				PRODUCT_BUNDLE_IDENTIFIER = "com.microsoft.ios-native-application-xcode10Tests";
				PRODUCT_NAME = "$(TARGET_NAME)";
				SWIFT_VERSION = 4.2;
				TARGETED_DEVICE_FAMILY = "1,2";
				TEST_HOST = "$(BUILT_PRODUCTS_DIR)/ios-native-application-xcode10.app/ios-native-application-xcode10";
			};
			name = Debug;
		};
		7EF44A3E20C9685F00166562 /* Release */ = {
			isa = XCBuildConfiguration;
			buildSettings = {
				ALWAYS_EMBED_SWIFT_STANDARD_LIBRARIES = YES;
				BUNDLE_LOADER = "$(TEST_HOST)";
				CODE_SIGN_STYLE = Automatic;
				INFOPLIST_FILE = "ios-native-application-xcode10Tests/Info.plist";
				LD_RUNPATH_SEARCH_PATHS = (
					"$(inherited)",
					"@executable_path/Frameworks",
					"@loader_path/Frameworks",
				);
				PRODUCT_BUNDLE_IDENTIFIER = "com.microsoft.ios-native-application-xcode10Tests";
				PRODUCT_NAME = "$(TARGET_NAME)";
				SWIFT_VERSION = 4.2;
				TARGETED_DEVICE_FAMILY = "1,2";
				TEST_HOST = "$(BUILT_PRODUCTS_DIR)/ios-native-application-xcode10.app/ios-native-application-xcode10";
			};
			name = Release;
		};
		7EF44A4020C9685F00166562 /* Debug */ = {
			isa = XCBuildConfiguration;
			buildSettings = {
				ALWAYS_EMBED_SWIFT_STANDARD_LIBRARIES = YES;
				CODE_SIGN_STYLE = Automatic;
				INFOPLIST_FILE = "ios-native-application-xcode10UITests/Info.plist";
				LD_RUNPATH_SEARCH_PATHS = (
					"$(inherited)",
					"@executable_path/Frameworks",
					"@loader_path/Frameworks",
				);
				PRODUCT_BUNDLE_IDENTIFIER = "com.microsoft.ios-native-application-xcode10UITests";
				PRODUCT_NAME = "$(TARGET_NAME)";
				SWIFT_VERSION = 4.2;
				TARGETED_DEVICE_FAMILY = "1,2";
				TEST_TARGET_NAME = "ios-native-application-xcode10";
			};
			name = Debug;
		};
		7EF44A4120C9685F00166562 /* Release */ = {
			isa = XCBuildConfiguration;
			buildSettings = {
				ALWAYS_EMBED_SWIFT_STANDARD_LIBRARIES = YES;
				CODE_SIGN_STYLE = Automatic;
				INFOPLIST_FILE = "ios-native-application-xcode10UITests/Info.plist";
				LD_RUNPATH_SEARCH_PATHS = (
					"$(inherited)",
					"@executable_path/Frameworks",
					"@loader_path/Frameworks",
				);
				PRODUCT_BUNDLE_IDENTIFIER = "com.microsoft.ios-native-application-xcode10UITests";
				PRODUCT_NAME = "$(TARGET_NAME)";
				SWIFT_VERSION = 4.2;
				TARGETED_DEVICE_FAMILY = "1,2";
				TEST_TARGET_NAME = "ios-native-application-xcode10";
			};
			name = Release;
		};
/* End XCBuildConfiguration section */

/* Begin XCConfigurationList section */
		7EF44A0920C9685D00166562 /* Build configuration list for PBXProject "ios-native-application-xcode10" */ = {
			isa = XCConfigurationList;
			buildConfigurations = (
				7EF44A3720C9685F00166562 /* Debug */,
				7EF44A3820C9685F00166562 /* Release */,
			);
			defaultConfigurationIsVisible = 0;
			defaultConfigurationName = Release;
		};
		7EF44A3920C9685F00166562 /* Build configuration list for PBXNativeTarget "ios-native-application-xcode10" */ = {
			isa = XCConfigurationList;
			buildConfigurations = (
				7EF44A3A20C9685F00166562 /* Debug */,
				7EF44A3B20C9685F00166562 /* Release */,
			);
			defaultConfigurationIsVisible = 0;
			defaultConfigurationName = Release;
		};
		7EF44A3C20C9685F00166562 /* Build configuration list for PBXNativeTarget "ios-native-application-xcode10Tests" */ = {
			isa = XCConfigurationList;
			buildConfigurations = (
				7EF44A3D20C9685F00166562 /* Debug */,
				7EF44A3E20C9685F00166562 /* Release */,
			);
			defaultConfigurationIsVisible = 0;
			defaultConfigurationName = Release;
		};
		7EF44A3F20C9685F00166562 /* Build configuration list for PBXNativeTarget "ios-native-application-xcode10UITests" */ = {
			isa = XCConfigurationList;
			buildConfigurations = (
				7EF44A4020C9685F00166562 /* Debug */,
				7EF44A4120C9685F00166562 /* Release */,
			);
			defaultConfigurationIsVisible = 0;
			defaultConfigurationName = Release;
		};
/* End XCConfigurationList section */

/* Begin XCVersionGroup section */
		7EF44A1820C9685D00166562 /* ios_native_application_xcode10.xcdatamodeld */ = {
			isa = XCVersionGroup;
			children = (
				7EF44A1920C9685D00166562 /* ios_native_application_xcode10.xcdatamodel */,
			);
			currentVersion = 7EF44A1920C9685D00166562 /* ios_native_application_xcode10.xcdatamodel */;
			path = ios_native_application_xcode10.xcdatamodeld;
			sourceTree = "<group>";
			versionGroupType = wrapper.xcdatamodel;
		};
/* End XCVersionGroup section */
	};
	rootObject = 7EF44A0620C9685D00166562 /* Project object */;
}
